
Microsoft Visual Studio Solution File, Format Version 12.00
# Visual Studio Version 16
VisualStudioVersion = 16.0.30621.155
MinimumVisualStudioVersion = 10.0.40219.1
Project("{FAE04EC0-301F-11D3-BF4B-00C04F79EFBC}") = "CsScore", "CsScore.csproj", "{2635F19D-067B-4130-B601-281096EFD292}"
EndProject
Global
	GlobalSection(SolutionConfigurationPlatforms) = preSolution
		Debug|Any CPU = Debug|Any CPU
		Release|Any CPU = Release|Any CPU
	EndGlobalSection
	GlobalSection(ProjectConfigurationPlatforms) = postSolution
		{2635F19D-067B-4130-B601-281096EFD292}.Debug|Any CPU.ActiveCfg = Debug|Any CPU
		{2635F19D-067B-4130-B601-281096EFD292}.Debug|Any CPU.Build.0 = Debug|Any CPU
		{2635F19D-067B-4130-B601-281096EFD292}.Release|Any CPU.ActiveCfg = Release|Any CPU
		{2635F19D-067B-4130-B601-281096EFD292}.Release|Any CPU.Build.0 = Release|Any CPU
	EndGlobalSection
	GlobalSection(SolutionProperties) = preSolution
		HideSolutionNode = FALSE
	EndGlobalSection
	GlobalSection(ExtensibilityGlobals) = postSolution
		SolutionGuid = {C23E80FE-B993-448C-A122-9BB31F352B9F}
	EndGlobalSection
EndGlobal
